{
  "name": "iotkit-agent",
  "version": "1.4.1",
  "dependencies": {
    "express": {
      "version": "3.5.2",
      "from": "express@3.5.2",
      "resolved": "https://registry.npmjs.org/express/-/express-3.5.2.tgz",
      "dependencies": {
        "connect": {
          "version": "2.14.5",
          "from": "connect@2.14.5",
          "dependencies": {
            "basic-auth-connect": {
              "version": "1.0.0",
              "from": "basic-auth-connect@1.0.0"
            },
            "cookie-parser": {
              "version": "1.0.1",
              "from": "cookie-parser@1.0.1",
              "dependencies": {
                "cookie": {
                  "version": "0.1.0",
                  "from": "cookie@0.1.0"
                }
              }
            },
            "compression": {
              "version": "1.0.0",
              "from": "compression@1.0.0",
              "dependencies": {
                "bytes": {
                  "version": "0.2.1",
                  "from": "bytes@~0.2.0"
                },
                "negotiator": {
                  "version": "0.3.0",
                  "from": "negotiator@0.3.0"
                },
                "compressible": {
                  "version": "1.0.0",
                  "from": "compressible@1.0.0"
                }
              }
            },
            "connect-timeout": {
              "version": "1.0.0",
              "from": "connect-timeout@1.0.0"
            },
            "csurf": {
              "version": "1.1.0",
              "from": "csurf@1.1.0",
              "dependencies": {
                "uid2": {
                  "version": "0.0.3",
                  "from": "uid2@~0.0.2"
                },
                "scmp": {
                  "version": "0.0.3",
                  "from": "scmp@~0.0.3"
                }
              }
            },
            "errorhandler": {
              "version": "1.0.0",
              "from": "errorhandler@1.0.0",
              "resolved": "https://registry.npmjs.org/errorhandler/-/errorhandler-1.0.0.tgz"
            },
            "express-session": {
              "version": "1.0.2",
              "from": "express-session@1.0.2",
              "dependencies": {
                "utils-merge": {
                  "version": "1.0.0",
                  "from": "utils-merge@1.0.0"
                },
                "cookie": {
                  "version": "0.1.0",
                  "from": "cookie@0.1.0"
                },
                "uid2": {
                  "version": "0.0.3",
                  "from": "uid2@~0.0.2"
                },
                "debug": {
                  "version": "0.7.4",
                  "from": "debug@0.7.4"
                }
              }
            },
            "method-override": {
              "version": "1.0.0",
              "from": "method-override@1.0.0"
            },
            "morgan": {
              "version": "1.0.0",
              "from": "morgan@1.0.0",
              "dependencies": {
                "bytes": {
                  "version": "0.2.1",
                  "from": "bytes@~0.2.0"
                }
              }
            },
            "qs": {
              "version": "0.6.6",
              "from": "qs@0.6.6"
            },
            "raw-body": {
              "version": "1.1.4",
              "from": "raw-body@1.1.4"
            },
            "response-time": {
              "version": "1.0.0",
              "from": "response-time@1.0.0"
            },
            "setimmediate": {
              "version": "1.0.1",
              "from": "setimmediate@1.0.1"
            },
            "serve-index": {
              "version": "1.0.1",
              "from": "serve-index@1.0.1",
              "dependencies": {
                "batch": {
                  "version": "0.5.0",
                  "from": "batch@0.5.0"
                },
                "negotiator": {
                  "version": "0.4.2",
                  "from": "negotiator@0.4.2"
                }
              }
            },
            "serve-static": {
              "version": "1.1.0",
              "from": "serve-static@1.1.0",
              "dependencies": {
                "parseurl": {
                  "version": "1.0.1",
                  "from": "parseurl@1.0.1"
                }
              }
            },
            "static-favicon": {
              "version": "1.0.2",
              "from": "static-favicon@1.0.2"
            },
            "vhost": {
              "version": "1.0.0",
              "from": "vhost@1.0.0"
            },
            "bytes": {
              "version": "0.3.0",
              "from": "bytes@0.3.0"
            },
            "pause": {
              "version": "0.0.1",
              "from": "pause@0.0.1"
            },
            "multiparty": {
              "version": "2.2.0",
              "from": "multiparty@2.2.0",
              "dependencies": {
                "readable-stream": {
                  "version": "1.1.13-1",
                  "from": "readable-stream@~1.1.9",
                  "dependencies": {
                    "core-util-is": {
                      "version": "1.0.1",
                      "from": "core-util-is@~1.0.0"
                    },
                    "isarray": {
                      "version": "0.0.1",
                      "from": "isarray@0.0.1"
                    },
                    "string_decoder": {
                      "version": "0.10.25-1",
                      "from": "string_decoder@~0.10.x"
                    },
                    "inherits": {
                      "version": "2.0.1",
                      "from": "inherits@~2.0.1"
                    }
                  }
                },
                "stream-counter": {
                  "version": "0.2.0",
                  "from": "stream-counter@~0.2.0"
                }
              }
            }
          }
        },
        "commander": {
          "version": "1.3.2",
          "from": "commander@1.3.2",
          "resolved": "https://registry.npmjs.org/commander/-/commander-1.3.2.tgz",
          "dependencies": {
            "keypress": {
              "version": "0.1.0",
              "from": "keypress@0.1.x"
            }
          }
        },
        "range-parser": {
          "version": "1.0.0",
          "from": "range-parser@1.0.0"
        },
        "mkdirp": {
          "version": "0.4.0",
          "from": "mkdirp@0.4.0",
          "resolved": "https://registry.npmjs.org/mkdirp/-/mkdirp-0.4.0.tgz"
        },
        "cookie": {
          "version": "0.1.2",
          "from": "cookie@0.1.2"
        },
        "buffer-crc32": {
          "version": "0.2.1",
          "from": "buffer-crc32@0.2.1"
        },
        "fresh": {
          "version": "0.2.2",
          "from": "fresh@0.2.2"
        },
        "methods": {
          "version": "0.1.0",
          "from": "methods@0.1.0"
        },
        "send": {
          "version": "0.3.0",
          "from": "send@0.3.0",
          "dependencies": {
            "debug": {
              "version": "0.8.0",
              "from": "debug@0.8.0"
            },
            "mime": {
              "version": "1.2.11",
              "from": "mime@1.2.11"
            }
          }
        },
        "cookie-signature": {
          "version": "1.0.3",
          "from": "cookie-signature@1.0.3"
        },
        "merge-descriptors": {
          "version": "0.0.2",
          "from": "merge-descriptors@0.0.2"
        },
        "debug": {
          "version": "0.8.1",
          "from": "debug@>= 0.7.3 < 1"
        }
      }
    },
    "forever": {
      "version": "0.11.1",
      "from": "forever@^0.11.1",
      "dependencies": {
        "colors": {
          "version": "0.6.2",
          "from": "colors@~0.6.2"
        },
        "cliff": {
          "version": "0.1.8",
          "from": "cliff@0.1.8",
          "dependencies": {
            "eyes": {
              "version": "0.1.8",
              "from": "eyes@0.1.x"
            },
            "winston": {
              "version": "0.6.2",
              "from": "winston@0.6.x",
              "dependencies": {
                "async": {
                  "version": "0.1.22",
                  "from": "async@0.1.x"
                },
                "cycle": {
                  "version": "1.0.3",
                  "from": "cycle@1.0.x"
                },
                "pkginfo": {
                  "version": "0.2.3",
                  "from": "pkginfo@0.2.x"
                },
                "request": {
                  "version": "2.9.203",
                  "from": "request@2.9.x"
                },
                "stack-trace": {
                  "version": "0.0.9",
                  "from": "stack-trace@0.0.x"
                }
              }
            }
          }
        },
        "flatiron": {
          "version": "0.3.11",
          "from": "flatiron@~0.3.11",
          "dependencies": {
            "broadway": {
              "version": "0.2.9",
              "from": "broadway@0.2.x",
              "dependencies": {
                "eventemitter2": {
                  "version": "0.4.12",
                  "from": "eventemitter2@0.4.12"
                },
                "winston": {
                  "version": "0.7.2",
                  "from": "winston@0.7.2",
                  "dependencies": {
                    "async": {
                      "version": "0.2.10",
                      "from": "async@0.2.x"
                    },
                    "cycle": {
                      "version": "1.0.3",
                      "from": "cycle@1.0.x"
                    },
                    "eyes": {
                      "version": "0.1.8",
                      "from": "eyes@0.1.x"
                    },
                    "request": {
                      "version": "2.16.6",
                      "from": "request@2.16.x",
                      "dependencies": {
                        "form-data": {
                          "version": "0.0.10",
                          "from": "form-data@~0.0.3",
                          "dependencies": {
                            "combined-stream": {
                              "version": "0.0.4",
                              "from": "combined-stream@~0.0.4",
                              "dependencies": {
                                "delayed-stream": {
                                  "version": "0.0.5",
                                  "from": "delayed-stream@0.0.5"
                                }
                              }
                            }
                          }
                        },
                        "mime": {
                          "version": "1.2.11",
                          "from": "mime@~1.2.7"
                        },
                        "hawk": {
                          "version": "0.10.2",
                          "from": "hawk@~0.10.2",
                          "dependencies": {
                            "hoek": {
                              "version": "0.7.6",
                              "from": "hoek@0.7.x"
                            },
                            "boom": {
                              "version": "0.3.8",
                              "from": "boom@0.3.x"
                            },
                            "cryptiles": {
                              "version": "0.1.3",
                              "from": "cryptiles@0.1.x"
                            },
                            "sntp": {
                              "version": "0.1.4",
                              "from": "sntp@0.1.x"
                            }
                          }
                        },
                        "cookie-jar": {
                          "version": "0.2.0",
                          "from": "cookie-jar@~0.2.0"
                        },
                        "aws-sign": {
                          "version": "0.2.0",
                          "from": "aws-sign@~0.2.0"
                        },
                        "oauth-sign": {
                          "version": "0.2.0",
                          "from": "oauth-sign@~0.2.0"
                        },
                        "forever-agent": {
                          "version": "0.2.0",
                          "from": "forever-agent@~0.2.0"
                        },
                        "tunnel-agent": {
                          "version": "0.2.0",
                          "from": "tunnel-agent@~0.2.0"
                        },
                        "json-stringify-safe": {
                          "version": "3.0.0",
                          "from": "json-stringify-safe@~3.0.0"
                        },
                        "qs": {
                          "version": "0.5.6",
                          "from": "qs@~0.5.4"
                        }
                      }
                    },
                    "stack-trace": {
                      "version": "0.0.9",
                      "from": "stack-trace@0.0.x"
                    }
                  }
                }
              }
            },
            "optimist": {
              "version": "0.6.0",
              "from": "optimist@0.6.0",
              "dependencies": {
                "wordwrap": {
                  "version": "0.0.2",
                  "from": "wordwrap@~0.0.2"
                },
                "minimist": {
                  "version": "0.0.8",
                  "from": "minimist@~0.0.1"
                }
              }
            },
            "prompt": {
              "version": "0.2.11",
              "from": "prompt@0.2.11",
              "dependencies": {
                "read": {
                  "version": "1.0.5",
                  "from": "read@1.0.x",
                  "dependencies": {
                    "mute-stream": {
                      "version": "0.0.4",
                      "from": "mute-stream@~0.0.4"
                    }
                  }
                },
                "revalidator": {
                  "version": "0.1.7",
                  "from": "revalidator@0.1.x"
                },
                "winston": {
                  "version": "0.6.2",
                  "from": "winston@0.6.x",
                  "dependencies": {
                    "async": {
                      "version": "0.1.22",
                      "from": "async@0.1.x"
                    },
                    "cycle": {
                      "version": "1.0.3",
                      "from": "cycle@1.0.x"
                    },
                    "eyes": {
                      "version": "0.1.8",
                      "from": "eyes@0.1.x"
                    },
                    "pkginfo": {
                      "version": "0.2.3",
                      "from": "pkginfo@0.2.x"
                    },
                    "request": {
                      "version": "2.9.203",
                      "from": "request@2.9.x"
                    },
                    "stack-trace": {
                      "version": "0.0.9",
                      "from": "stack-trace@0.0.x"
                    }
                  }
                }
              }
            },
            "director": {
              "version": "1.1.10",
              "from": "director@1.1.10"
            }
          }
        },
        "forever-monitor": {
          "version": "1.2.3",
          "from": "forever-monitor@1.2.3",
          "dependencies": {
            "broadway": {
              "version": "0.2.9",
              "from": "broadway@0.2.x",
              "dependencies": {
                "eventemitter2": {
                  "version": "0.4.12",
                  "from": "eventemitter2@0.4.12"
                },
                "winston": {
                  "version": "0.7.2",
                  "from": "winston@0.7.2",
                  "dependencies": {
                    "async": {
                      "version": "0.2.10",
                      "from": "async@0.2.x"
                    },
                    "cycle": {
                      "version": "1.0.3",
                      "from": "cycle@1.0.x"
                    },
                    "eyes": {
                      "version": "0.1.8",
                      "from": "eyes@0.1.x"
                    },
                    "request": {
                      "version": "2.16.6",
                      "from": "request@2.16.x",
                      "dependencies": {
                        "form-data": {
                          "version": "0.0.10",
                          "from": "form-data@~0.0.3",
                          "dependencies": {
                            "combined-stream": {
                              "version": "0.0.4",
                              "from": "combined-stream@~0.0.4",
                              "dependencies": {
                                "delayed-stream": {
                                  "version": "0.0.5",
                                  "from": "delayed-stream@0.0.5"
                                }
                              }
                            }
                          }
                        },
                        "mime": {
                          "version": "1.2.11",
                          "from": "mime@~1.2.7"
                        },
                        "hawk": {
                          "version": "0.10.2",
                          "from": "hawk@~0.10.2",
                          "dependencies": {
                            "hoek": {
                              "version": "0.7.6",
                              "from": "hoek@0.7.x"
                            },
                            "boom": {
                              "version": "0.3.8",
                              "from": "boom@0.3.x"
                            },
                            "cryptiles": {
                              "version": "0.1.3",
                              "from": "cryptiles@0.1.x"
                            },
                            "sntp": {
                              "version": "0.1.4",
                              "from": "sntp@0.1.x"
                            }
                          }
                        },
                        "cookie-jar": {
                          "version": "0.2.0",
                          "from": "cookie-jar@~0.2.0"
                        },
                        "aws-sign": {
                          "version": "0.2.0",
                          "from": "aws-sign@~0.2.0"
                        },
                        "oauth-sign": {
                          "version": "0.2.0",
                          "from": "oauth-sign@~0.2.0"
                        },
                        "forever-agent": {
                          "version": "0.2.0",
                          "from": "forever-agent@~0.2.0"
                        },
                        "tunnel-agent": {
                          "version": "0.2.0",
                          "from": "tunnel-agent@~0.2.0"
                        },
                        "json-stringify-safe": {
                          "version": "3.0.0",
                          "from": "json-stringify-safe@~3.0.0"
                        },
                        "qs": {
                          "version": "0.5.6",
                          "from": "qs@~0.5.4"
                        }
                      }
                    },
                    "stack-trace": {
                      "version": "0.0.9",
                      "from": "stack-trace@0.0.x"
                    }
                  }
                },
                "utile": {
                  "version": "0.2.1",
                  "from": "utile@0.2.1",
                  "dependencies": {
                    "async": {
                      "version": "0.2.10",
                      "from": "async@~0.2.9"
                    },
                    "deep-equal": {
                      "version": "0.2.1",
                      "from": "deep-equal@*"
                    },
                    "i": {
                      "version": "0.3.2",
                      "from": "i@0.3.x"
                    },
                    "mkdirp": {
                      "version": "0.4.0",
                      "from": "mkdirp@0.x.x"
                    },
                    "ncp": {
                      "version": "0.4.2",
                      "from": "ncp@0.4.x"
                    },
                    "rimraf": {
                      "version": "2.2.6",
                      "from": "rimraf@2.x.x"
                    }
                  }
                }
              }
            },
            "minimatch": {
              "version": "0.2.14",
              "from": "minimatch@0.2.x",
              "dependencies": {
                "lru-cache": {
                  "version": "2.5.0",
                  "from": "lru-cache@2"
                },
                "sigmund": {
                  "version": "1.0.0",
                  "from": "sigmund@~1.0.0"
                }
              }
            },
            "ps-tree": {
              "version": "0.0.3",
              "from": "ps-tree@0.0.x",
              "dependencies": {
                "event-stream": {
                  "version": "0.5.3",
                  "from": "event-stream@~0.5",
                  "dependencies": {
                    "optimist": {
                      "version": "0.2.8",
                      "from": "optimist@0.2",
                      "dependencies": {
                        "wordwrap": {
                          "version": "0.0.2",
                          "from": "wordwrap@>=0.0.1 <0.1.0"
                        }
                      }
                    }
                  }
                }
              }
            },
            "watch": {
              "version": "0.5.1",
              "from": "watch@0.5.x"
            },
            "utile": {
              "version": "0.1.7",
              "from": "utile@0.1.x",
              "dependencies": {
                "async": {
                  "version": "0.1.22",
                  "from": "async@0.1.x"
                },
                "deep-equal": {
                  "version": "0.2.1",
                  "from": "deep-equal@*"
                },
                "i": {
                  "version": "0.3.2",
                  "from": "i@0.3.x"
                },
                "mkdirp": {
                  "version": "0.4.0",
                  "from": "mkdirp@0.x.x"
                },
                "ncp": {
                  "version": "0.2.7",
                  "from": "ncp@0.2.x"
                },
                "rimraf": {
                  "version": "1.0.9",
                  "from": "rimraf@1.x.x"
                }
              }
            }
          }
        },
        "nconf": {
          "version": "0.6.9",
          "from": "nconf@~0.6.9",
          "dependencies": {
            "async": {
              "version": "0.2.9",
              "from": "async@0.2.9"
            },
            "ini": {
              "version": "1.1.0",
              "from": "ini@1.x.x"
            },
            "optimist": {
              "version": "0.6.0",
              "from": "optimist@0.6.0",
              "dependencies": {
                "wordwrap": {
                  "version": "0.0.2",
                  "from": "wordwrap@~0.0.2"
                },
                "minimist": {
                  "version": "0.0.8",
                  "from": "minimist@~0.0.1"
                }
              }
            }
          }
        },
        "nssocket": {
          "version": "0.5.1",
          "from": "nssocket@~0.5.1",
          "dependencies": {
            "eventemitter2": {
              "version": "0.4.13",
              "from": "eventemitter2@~0.4.11"
            },
            "lazy": {
              "version": "1.0.11",
              "from": "lazy@~1.0.11"
            }
          }
        },
        "optimist": {
          "version": "0.6.1",
          "from": "optimist@~0.6.0",
          "dependencies": {
            "wordwrap": {
              "version": "0.0.2",
              "from": "wordwrap@~0.0.2"
            },
            "minimist": {
              "version": "0.0.8",
              "from": "minimist@~0.0.1"
            }
          }
        },
        "pkginfo": {
          "version": "0.3.0",
          "from": "pkginfo@0.3.0"
        },
        "timespan": {
          "version": "2.3.0",
          "from": "timespan@~2.3.0"
        },
        "watch": {
          "version": "0.8.0",
          "from": "watch@~0.8.0"
        },
        "utile": {
          "version": "0.2.1",
          "from": "utile@~0.2.1",
          "dependencies": {
            "async": {
              "version": "0.2.10",
              "from": "async@~0.2.9"
            },
            "deep-equal": {
              "version": "0.2.1",
              "from": "deep-equal@*"
            },
            "i": {
              "version": "0.3.2",
              "from": "i@0.3.x"
            },
            "mkdirp": {
              "version": "0.4.0",
              "from": "mkdirp@0.x.x"
            },
            "ncp": {
              "version": "0.4.2",
              "from": "ncp@0.4.x"
            },
            "rimraf": {
              "version": "2.2.6",
              "from": "rimraf@2.x.x"
            }
          }
        }
      }
    },
    "getmac": {
      "version": "1.0.6",
      "from": "getmac@1.0.6",
      "resolved": "https://registry.npmjs.org/getmac/-/getmac-1.0.6.tgz",
      "dependencies": {
        "extract-opts": {
          "version": "2.2.0",
          "from": "extract-opts@~2.2.0",
          "dependencies": {
            "typechecker": {
              "version": "2.0.8",
              "from": "typechecker@~2.0.1"
            }
          }
        }
      }
    },
    "json-schema": {
      "version": "0.2.2",
      "from": "json-schema@^0.2.2"
    },
    "mqtt": {
      "version": "0.3.8",
      "from": "mqtt@0.3.8",
      "resolved": "https://registry.npmjs.org/mqtt/-/mqtt-0.3.8.tgz",
      "dependencies": {
        "readable-stream": {
          "version": "1.0.27-1",
          "from": "readable-stream@~1.0.2",
          "dependencies": {
            "core-util-is": {
              "version": "1.0.1",
              "from": "core-util-is@~1.0.0"
            },
            "isarray": {
              "version": "0.0.1",
              "from": "isarray@0.0.1"
            },
            "string_decoder": {
              "version": "0.10.25-1",
              "from": "string_decoder@~0.10.x"
            },
            "inherits": {
              "version": "2.0.1",
              "from": "inherits@~2.0.1"
            }
          }
        },
        "bops": {
          "version": "0.1.1",
          "from": "bops@~0.1.1",
          "dependencies": {
            "base64-js": {
              "version": "0.0.2",
              "from": "base64-js@0.0.2"
            },
            "to-utf8": {
              "version": "0.0.1",
              "from": "to-utf8@0.0.1",
              "resolved": "https://registry.npmjs.org/to-utf8/-/to-utf8-0.0.1.tgz"
            }
          }
        }
      }
    },
    "node-uuid": {
      "version": "1.4.1",
      "from": "node-uuid@^1.4.1"
    },
    "winston": {
      "version": "0.7.3",
      "from": "winston@0.7.3",
      "resolved": "https://registry.npmjs.org/winston/-/winston-0.7.3.tgz",
      "dependencies": {
        "async": {
          "version": "0.2.10",
          "from": "async@0.2.x"
        },
        "colors": {
          "version": "0.6.2",
          "from": "colors@0.6.x"
        },
        "cycle": {
          "version": "1.0.3",
          "from": "cycle@1.0.x"
        },
        "eyes": {
          "version": "0.1.8",
          "from": "eyes@0.1.x"
        },
        "pkginfo": {
          "version": "0.3.0",
          "from": "pkginfo@0.3.x"
        },
        "request": {
          "version": "2.16.6",
          "from": "request@2.16.x",
          "dependencies": {
            "form-data": {
              "version": "0.0.10",
              "from": "form-data@~0.0.3",
              "dependencies": {
                "combined-stream": {
                  "version": "0.0.4",
                  "from": "combined-stream@~0.0.4",
                  "dependencies": {
                    "delayed-stream": {
                      "version": "0.0.5",
                      "from": "delayed-stream@0.0.5"
                    }
                  }
                }
              }
            },
            "mime": {
              "version": "1.2.11",
              "from": "mime@~1.2.7"
            },
            "hawk": {
              "version": "0.10.2",
              "from": "hawk@~0.10.2",
              "dependencies": {
                "hoek": {
                  "version": "0.7.6",
                  "from": "hoek@0.7.x"
                },
                "boom": {
                  "version": "0.3.8",
                  "from": "boom@0.3.x"
                },
                "cryptiles": {
                  "version": "0.1.3",
                  "from": "cryptiles@0.1.x"
                },
                "sntp": {
                  "version": "0.1.4",
                  "from": "sntp@0.1.x"
                }
              }
            },
            "cookie-jar": {
              "version": "0.2.0",
              "from": "cookie-jar@~0.2.0"
            },
            "aws-sign": {
              "version": "0.2.0",
              "from": "aws-sign@~0.2.0"
            },
            "oauth-sign": {
              "version": "0.2.0",
              "from": "oauth-sign@~0.2.0"
            },
            "forever-agent": {
              "version": "0.2.0",
              "from": "forever-agent@~0.2.0"
            },
            "tunnel-agent": {
              "version": "0.2.0",
              "from": "tunnel-agent@~0.2.0"
            },
            "json-stringify-safe": {
              "version": "3.0.0",
              "from": "json-stringify-safe@~3.0.0"
            },
            "qs": {
              "version": "0.5.6",
              "from": "qs@~0.5.4"
            }
          }
        },
        "stack-trace": {
          "version": "0.0.9",
          "from": "stack-trace@0.0.x"
        }
      }
    }
  }
}
